
Microsoft Visual Studio Solution File, Format Version 12.00
Project("{FAE04EC0-301F-11D3-BF4B-00C04F79EFBC}") = "ServiceDefaults", "ServiceDefaults\ServiceDefaults.csproj", "{692F6737-8135-4DC8-B1F1-5F64BF4185EE}"
EndProject
Project("{2150E333-8FDC-42A3-9474-1A3956D46DE8}") = "services", "services", "{135B93A4-9CB8-4AC0-AD5F-8E270B08DFE6}"
EndProject
Project("{2150E333-8FDC-42A3-9474-1A3956D46DE8}") = "common", "common", "{B8088BD6-6A7D-4096-8C3A-E1CB18274A87}"
EndProject
Project("{FAE04EC0-301F-11D3-BF4B-00C04F79EFBC}") = "AppHost", "AppHost\AppHost.csproj", "{8607ADB5-89AE-4E94-9759-3DCE855AAA50}"
EndProject
Project("{FAE04EC0-301F-11D3-BF4B-00C04F79EFBC}") = "PostService", "PostService\PostService.csproj", "{1AE1895A-D717-4FF6-9318-3F87A8ADAD38}"
EndProject
Project("{FAE04EC0-301F-11D3-BF4B-00C04F79EFBC}") = "Shared", "Shared\Shared.csproj", "{A411C1DD-A7F4-4B73-98E7-27F63BF1EF80}"
EndProject
Project("{FAE04EC0-301F-11D3-BF4B-00C04F79EFBC}") = "SearchService", "SearchService\SearchService.csproj", "{5744AC1A-9E18-45D3-8544-9BA77DC2F3EC}"
EndProject
Project("{FAE04EC0-301F-11D3-BF4B-00C04F79EFBC}") = "Contracts", "Contracts\Contracts.csproj", "{0DC13333-6F31-4C01-A1DF-D68A646C1130}"
EndProject
Global
	GlobalSection(SolutionConfigurationPlatforms) = preSolution
		Debug|Any CPU = Debug|Any CPU
		Release|Any CPU = Release|Any CPU
	EndGlobalSection
	GlobalSection(ProjectConfigurationPlatforms) = postSolution
		{692F6737-8135-4DC8-B1F1-5F64BF4185EE}.Debug|Any CPU.ActiveCfg = Debug|Any CPU
		{692F6737-8135-4DC8-B1F1-5F64BF4185EE}.Debug|Any CPU.Build.0 = Debug|Any CPU
		{692F6737-8135-4DC8-B1F1-5F64BF4185EE}.Release|Any CPU.ActiveCfg = Release|Any CPU
		{692F6737-8135-4DC8-B1F1-5F64BF4185EE}.Release|Any CPU.Build.0 = Release|Any CPU
		{8607ADB5-89AE-4E94-9759-3DCE855AAA50}.Debug|Any CPU.ActiveCfg = Debug|Any CPU
		{8607ADB5-89AE-4E94-9759-3DCE855AAA50}.Debug|Any CPU.Build.0 = Debug|Any CPU
		{8607ADB5-89AE-4E94-9759-3DCE855AAA50}.Release|Any CPU.ActiveCfg = Release|Any CPU
		{8607ADB5-89AE-4E94-9759-3DCE855AAA50}.Release|Any CPU.Build.0 = Release|Any CPU
		{1AE1895A-D717-4FF6-9318-3F87A8ADAD38}.Debug|Any CPU.ActiveCfg = Debug|Any CPU
		{1AE1895A-D717-4FF6-9318-3F87A8ADAD38}.Debug|Any CPU.Build.0 = Debug|Any CPU
		{1AE1895A-D717-4FF6-9318-3F87A8ADAD38}.Release|Any CPU.ActiveCfg = Release|Any CPU
		{1AE1895A-D717-4FF6-9318-3F87A8ADAD38}.Release|Any CPU.Build.0 = Release|Any CPU
		{A411C1DD-A7F4-4B73-98E7-27F63BF1EF80}.Debug|Any CPU.ActiveCfg = Debug|Any CPU
		{A411C1DD-A7F4-4B73-98E7-27F63BF1EF80}.Debug|Any CPU.Build.0 = Debug|Any CPU
		{A411C1DD-A7F4-4B73-98E7-27F63BF1EF80}.Release|Any CPU.ActiveCfg = Release|Any CPU
		{A411C1DD-A7F4-4B73-98E7-27F63BF1EF80}.Release|Any CPU.Build.0 = Release|Any CPU
		{5744AC1A-9E18-45D3-8544-9BA77DC2F3EC}.Debug|Any CPU.ActiveCfg = Debug|Any CPU
		{5744AC1A-9E18-45D3-8544-9BA77DC2F3EC}.Debug|Any CPU.Build.0 = Debug|Any CPU
		{5744AC1A-9E18-45D3-8544-9BA77DC2F3EC}.Release|Any CPU.ActiveCfg = Release|Any CPU
		{5744AC1A-9E18-45D3-8544-9BA77DC2F3EC}.Release|Any CPU.Build.0 = Release|Any CPU
		{0DC13333-6F31-4C01-A1DF-D68A646C1130}.Debug|Any CPU.ActiveCfg = Debug|Any CPU
		{0DC13333-6F31-4C01-A1DF-D68A646C1130}.Debug|Any CPU.Build.0 = Debug|Any CPU
		{0DC13333-6F31-4C01-A1DF-D68A646C1130}.Release|Any CPU.ActiveCfg = Release|Any CPU
		{0DC13333-6F31-4C01-A1DF-D68A646C1130}.Release|Any CPU.Build.0 = Release|Any CPU
	EndGlobalSection
	GlobalSection(NestedProjects) = preSolution
		{1AE1895A-D717-4FF6-9318-3F87A8ADAD38} = {135B93A4-9CB8-4AC0-AD5F-8E270B08DFE6}
		{A411C1DD-A7F4-4B73-98E7-27F63BF1EF80} = {B8088BD6-6A7D-4096-8C3A-E1CB18274A87}
		{5744AC1A-9E18-45D3-8544-9BA77DC2F3EC} = {135B93A4-9CB8-4AC0-AD5F-8E270B08DFE6}
		{0DC13333-6F31-4C01-A1DF-D68A646C1130} = {B8088BD6-6A7D-4096-8C3A-E1CB18274A87}
	EndGlobalSection
EndGlobal
